
Microsoft Visual Studio Solution File, Format Version 12.00
# Visual Studio 14
VisualStudioVersion = 14.0.23107.0
MinimumVisualStudioVersion = 10.0.40219.1
Project("{FAE04EC0-301F-11D3-BF4B-00C04F79EFBC}") = "EjercicioCodificacion_ V-II", "EjercicioCodificacion_ V-II\EjercicioCodificacion_ V-II.csproj", "{71CF100D-E300-409C-9520-E34C9F5C91EA}"
EndProject
Global
	GlobalSection(SolutionConfigurationPlatforms) = preSolution
		Debug|Any CPU = Debug|Any CPU
		Release|Any CPU = Release|Any CPU
	EndGlobalSection
	GlobalSection(ProjectConfigurationPlatforms) = postSolution
		{71CF100D-E300-409C-9520-E34C9F5C91EA}.Debug|Any CPU.ActiveCfg = Debug|Any CPU
		{71CF100D-E300-409C-9520-E34C9F5C91EA}.Debug|Any CPU.Build.0 = Debug|Any CPU
		{71CF100D-E300-409C-9520-E34C9F5C91EA}.Release|Any CPU.ActiveCfg = Release|Any CPU
		{71CF100D-E300-409C-9520-E34C9F5C91EA}.Release|Any CPU.Build.0 = Release|Any CPU
	EndGlobalSection
	GlobalSection(SolutionProperties) = preSolution
		HideSolutionNode = FALSE
	EndGlobalSection
EndGlobal
